{
    "version": 3,
    "terraform_version": "0.11.11",
    "serial": 3,
    "lineage": "303dd744-820d-5e40-2651-9bdcc0c50896",
    "modules": [
        {
            "path": [
                "root"
            ],
            "outputs": {},
            "resources": {},
            "depends_on": []
        },
        {
            "path": [
                "root",
                "EC2Module"
            ],
            "outputs": {
                "raza_elb_dns": {
                    "sensitive": false,
                    "type": "string",
                    "value": "raza-lb-web-1227412990.us-west-1.elb.amazonaws.com"
                }
            },
            "resources": {
                "aws_alb_listener.raza_ELB_Listener": {
                    "type": "aws_alb_listener",
                    "depends_on": [
                        "aws_alb_target_group.raza_TargetGroup",
                        "aws_lb.raza_ELB"
                    ],
                    "primary": {
                        "id": "arn:aws:elasticloadbalancing:us-west-1:695292474035:listener/app/raza-lb-web/9e317463308dc766/327d52271f53d007",
                        "attributes": {
                            "arn": "arn:aws:elasticloadbalancing:us-west-1:695292474035:listener/app/raza-lb-web/9e317463308dc766/327d52271f53d007",
                            "default_action.#": "1",
                            "default_action.0.authenticate_cognito.#": "0",
                            "default_action.0.authenticate_oidc.#": "0",
                            "default_action.0.fixed_response.#": "0",
                            "default_action.0.order": "1",
                            "default_action.0.redirect.#": "0",
                            "default_action.0.target_group_arn": "arn:aws:elasticloadbalancing:us-west-1:695292474035:targetgroup/raza-lb-tg/79dfa823a76bdd09",
                            "default_action.0.type": "forward",
                            "id": "arn:aws:elasticloadbalancing:us-west-1:695292474035:listener/app/raza-lb-web/9e317463308dc766/327d52271f53d007",
                            "load_balancer_arn": "arn:aws:elasticloadbalancing:us-west-1:695292474035:loadbalancer/app/raza-lb-web/9e317463308dc766",
                            "port": "80",
                            "protocol": "HTTP",
                            "ssl_policy": ""
                        },
                        "meta": {
                            "e2bfb730-ecaa-11e6-8f88-34363bc7c4c0": {
                                "read": 600000000000
                            }
                        },
                        "tainted": false
                    },
                    "deposed": [],
                    "provider": "provider.aws"
                },
                "aws_alb_target_group.raza_TargetGroup": {
                    "type": "aws_alb_target_group",
                    "depends_on": [],
                    "primary": {
                        "id": "arn:aws:elasticloadbalancing:us-west-1:695292474035:targetgroup/raza-lb-tg/79dfa823a76bdd09",
                        "attributes": {
                            "arn": "arn:aws:elasticloadbalancing:us-west-1:695292474035:targetgroup/raza-lb-tg/79dfa823a76bdd09",
                            "arn_suffix": "targetgroup/raza-lb-tg/79dfa823a76bdd09",
                            "deregistration_delay": "300",
                            "health_check.#": "1",
                            "health_check.0.healthy_threshold": "2",
                            "health_check.0.interval": "10",
                            "health_check.0.matcher": "200",
                            "health_check.0.path": "/api/user",
                            "health_check.0.port": "3000",
                            "health_check.0.protocol": "HTTP",
                            "health_check.0.timeout": "5",
                            "health_check.0.unhealthy_threshold": "3",
                            "id": "arn:aws:elasticloadbalancing:us-west-1:695292474035:targetgroup/raza-lb-tg/79dfa823a76bdd09",
                            "lambda_multi_value_headers_enabled": "false",
                            "name": "raza-lb-tg",
                            "port": "3000",
                            "protocol": "HTTP",
                            "proxy_protocol_v2": "false",
                            "slow_start": "0",
                            "stickiness.#": "1",
                            "stickiness.0.cookie_duration": "86400",
                            "stickiness.0.enabled": "false",
                            "stickiness.0.type": "lb_cookie",
                            "tags.%": "2",
                            "tags.Developer": "raza",
                            "tags.Name": "raza_Web_TG",
                            "target_type": "instance",
                            "vpc_id": "vpc-0becf0622cf1597ba"
                        },
                        "meta": {},
                        "tainted": false
                    },
                    "deposed": [],
                    "provider": "provider.aws"
                },
                "aws_autoscaling_group.raza_ASG": {
                    "type": "aws_autoscaling_group",
                    "depends_on": [
                        "aws_alb_target_group.raza_TargetGroup",
                        "aws_launch_configuration.raza_Launch_Configuration"
                    ],
                    "primary": {
                        "id": "razaAutoscalingGroup",
                        "attributes": {
                            "arn": "arn:aws:autoscaling:us-west-1:695292474035:autoScalingGroup:608ada46-c69e-422d-97fe-0c47ab19408b:autoScalingGroupName/razaAutoscalingGroup",
                            "availability_zones.#": "2",
                            "availability_zones.3205754986": "us-west-1a",
                            "availability_zones.639279568": "us-west-1b",
                            "default_cooldown": "300",
                            "desired_capacity": "2",
                            "enabled_metrics.#": "0",
                            "force_delete": "false",
                            "health_check_grace_period": "300",
                            "health_check_type": "EC2",
                            "id": "razaAutoscalingGroup",
                            "launch_configuration": "razaLinuxLaunchConfiguration",
                            "launch_template.#": "0",
                            "load_balancers.#": "0",
                            "max_size": "3",
                            "metrics_granularity": "1Minute",
                            "min_size": "2",
                            "mixed_instances_policy.#": "0",
                            "name": "razaAutoscalingGroup",
                            "placement_group": "",
                            "protect_from_scale_in": "false",
                            "service_linked_role_arn": "arn:aws:iam::695292474035:role/aws-service-role/autoscaling.amazonaws.com/AWSServiceRoleForAutoScaling",
                            "suspended_processes.#": "0",
                            "tags.#": "2",
                            "tags.0.%": "3",
                            "tags.0.key": "Name",
                            "tags.0.propagate_at_launch": "1",
                            "tags.0.value": "raza_ASG",
                            "tags.1.%": "3",
                            "tags.1.key": "Developer",
                            "tags.1.propagate_at_launch": "1",
                            "tags.1.value": "raza",
                            "target_group_arns.#": "1",
                            "target_group_arns.719028558": "arn:aws:elasticloadbalancing:us-west-1:695292474035:targetgroup/raza-lb-tg/79dfa823a76bdd09",
                            "termination_policies.#": "0",
                            "vpc_zone_identifier.#": "2",
                            "vpc_zone_identifier.2184155138": "subnet-0149f127020462ad7",
                            "vpc_zone_identifier.2450779844": "subnet-0486ce953d3a4013d",
                            "wait_for_capacity_timeout": "10m"
                        },
                        "meta": {
                            "e2bfb730-ecaa-11e6-8f88-34363bc7c4c0": {
                                "delete": 600000000000
                            }
                        },
                        "tainted": false
                    },
                    "deposed": [],
                    "provider": "provider.aws"
                },
                "aws_launch_configuration.raza_Launch_Configuration": {
                    "type": "aws_launch_configuration",
                    "depends_on": [
                        "data.template_file.init"
                    ],
                    "primary": {
                        "id": "razaLinuxLaunchConfiguration",
                        "attributes": {
                            "associate_public_ip_address": "false",
                            "ebs_block_device.#": "0",
                            "ebs_optimized": "false",
                            "enable_monitoring": "true",
                            "ephemeral_block_device.#": "0",
                            "iam_instance_profile": "",
                            "id": "razaLinuxLaunchConfiguration",
                            "image_id": "ami-0bdb828fd58c52235",
                            "instance_type": "t2.micro",
                            "key_name": "raza-key-pair",
                            "name": "razaLinuxLaunchConfiguration",
                            "root_block_device.#": "1",
                            "root_block_device.0.delete_on_termination": "true",
                            "root_block_device.0.iops": "0",
                            "root_block_device.0.volume_size": "8",
                            "root_block_device.0.volume_type": "",
                            "security_groups.#": "1",
                            "security_groups.4294127511": "sg-076b0603cf7ecac87",
                            "spot_price": "",
                            "user_data": "4be007eb78624cb1248dd683327f357ac842f6d2",
                            "vpc_classic_link_id": "",
                            "vpc_classic_link_security_groups.#": "0"
                        },
                        "meta": {},
                        "tainted": false
                    },
                    "deposed": [],
                    "provider": "provider.aws"
                },
                "aws_lb.raza_ELB": {
                    "type": "aws_lb",
                    "depends_on": [],
                    "primary": {
                        "id": "arn:aws:elasticloadbalancing:us-west-1:695292474035:loadbalancer/app/raza-lb-web/9e317463308dc766",
                        "attributes": {
                            "access_logs.#": "0",
                            "arn": "arn:aws:elasticloadbalancing:us-west-1:695292474035:loadbalancer/app/raza-lb-web/9e317463308dc766",
                            "arn_suffix": "app/raza-lb-web/9e317463308dc766",
                            "dns_name": "raza-lb-web-1227412990.us-west-1.elb.amazonaws.com",
                            "enable_deletion_protection": "false",
                            "enable_http2": "true",
                            "id": "arn:aws:elasticloadbalancing:us-west-1:695292474035:loadbalancer/app/raza-lb-web/9e317463308dc766",
                            "idle_timeout": "60",
                            "internal": "false",
                            "ip_address_type": "ipv4",
                            "load_balancer_type": "application",
                            "name": "raza-lb-web",
                            "security_groups.#": "1",
                            "security_groups.3317613564": "sg-0428020482021a955",
                            "subnet_mapping.#": "0",
                            "subnets.#": "2",
                            "subnets.2184155138": "subnet-0149f127020462ad7",
                            "subnets.2450779844": "subnet-0486ce953d3a4013d",
                            "tags.%": "2",
                            "tags.Developer": "raza",
                            "tags.Name": "raza_Web_ELB",
                            "vpc_id": "vpc-0becf0622cf1597ba",
                            "zone_id": "Z368ELLRRE2KJ0"
                        },
                        "meta": {
                            "e2bfb730-ecaa-11e6-8f88-34363bc7c4c0": {
                                "create": 600000000000,
                                "delete": 600000000000,
                                "update": 600000000000
                            }
                        },
                        "tainted": false
                    },
                    "deposed": [],
                    "provider": "provider.aws"
                },
                "data.template_file.init": {
                    "type": "template_file",
                    "depends_on": [],
                    "primary": {
                        "id": "ad3c964678c3c3cacdd73fcf91fce73557b0120b39a4d26ac6e28e08b3e58a8c",
                        "attributes": {
                            "id": "ad3c964678c3c3cacdd73fcf91fce73557b0120b39a4d26ac6e28e08b3e58a8c",
                            "rendered": "#!/bin/bash\nsudo su\nyum update -y\nyum install -y httpd\ncd /var/www/html\necho \"\u003chtml\u003e\u003cbody\u003eThis is a test server!\u003c/body\u003e\u003c/html\u003e\" \u003e index.html\nservice httpd start\nchkconfig httpd on\n\nsudo yum install git -y\ngit clone https://github.com/codetrash/rest-crud.git \ncd rest-crud                \nsed -i \"24s/.*/        host     : 'razamysql.cp9aeyx5qqrx.us-west-1.rds.amazonaws.com',/\" server.js\nsed -i \"25s/.*/        user     : 'razaUser',/\" server.js\nsed -i \"26s/.*/        password     : 'razaPassword',/\" server.js\nsed -i \"27s/.*/        database     : 'razaDB',/\" server.js\n\nyum install curl\ncurl --silent --location https://rpm.nodesource.com/setup_10.x | sudo bash -\nsudo yum install -y nodejs\nnpm install\nsudo npm install -g pm2\npm2 startup\npm2 start server.js\npm2 save\n\nyum install mysql -y\nmysql -h razamysql.cp9aeyx5qqrx.us-west-1.rds.amazonaws.com -P 3306 -u razaUser -prazaPassword razaDB \u003c t_user.sql",
                            "template": "#!/bin/bash\nsudo su\nyum update -y\nyum install -y httpd\ncd /var/www/html\necho \"\u003chtml\u003e\u003cbody\u003eThis is a test server!\u003c/body\u003e\u003c/html\u003e\" \u003e index.html\nservice httpd start\nchkconfig httpd on\n\nsudo yum install git -y\ngit clone https://github.com/codetrash/rest-crud.git \ncd rest-crud                \nsed -i \"24s/.*/        host     : '${DBEndpoint}',/\" server.js\nsed -i \"25s/.*/        user     : '${DBUsername}',/\" server.js\nsed -i \"26s/.*/        password     : '${DBPassword}',/\" server.js\nsed -i \"27s/.*/        database     : '${DBName}',/\" server.js\n\nyum install curl\ncurl --silent --location https://rpm.nodesource.com/setup_10.x | sudo bash -\nsudo yum install -y nodejs\nnpm install\nsudo npm install -g pm2\npm2 startup\npm2 start server.js\npm2 save\n\nyum install mysql -y\nmysql -h ${DBEndpoint} -P ${DBPort} -u ${DBUsername} -p${DBPassword} ${DBName} \u003c t_user.sql",
                            "vars.%": "5",
                            "vars.DBEndpoint": "razamysql.cp9aeyx5qqrx.us-west-1.rds.amazonaws.com",
                            "vars.DBName": "razaDB",
                            "vars.DBPassword": "razaPassword",
                            "vars.DBPort": "3306",
                            "vars.DBUsername": "razaUser"
                        },
                        "meta": {},
                        "tainted": false
                    },
                    "deposed": [],
                    "provider": "provider.template"
                }
            },
            "depends_on": []
        },
        {
            "path": [
                "root",
                "databaseModule"
            ],
            "outputs": {
                "rds_dbname": {
                    "sensitive": false,
                    "type": "string",
                    "value": "razaDB"
                },
                "rds_endpoint": {
                    "sensitive": false,
                    "type": "string",
                    "value": "razamysql.cp9aeyx5qqrx.us-west-1.rds.amazonaws.com:3306"
                }
            },
            "resources": {
                "aws_db_instance.raza_MySQL_DB_Instance": {
                    "type": "aws_db_instance",
                    "depends_on": [
                        "aws_db_subnet_group.raza_RDS_SubnetGroup",
                        "aws_security_group.raza_RDS_SecurityGroup"
                    ],
                    "primary": {
                        "id": "razamysql",
                        "attributes": {
                            "address": "razamysql.cp9aeyx5qqrx.us-west-1.rds.amazonaws.com",
                            "allocated_storage": "6",
                            "arn": "arn:aws:rds:us-west-1:695292474035:db:razamysql",
                            "auto_minor_version_upgrade": "true",
                            "availability_zone": "us-west-1b",
                            "backup_retention_period": "0",
                            "backup_window": "12:36-13:06",
                            "ca_cert_identifier": "rds-ca-2015",
                            "copy_tags_to_snapshot": "false",
                            "db_subnet_group_name": "razamysqlsubnetgroup",
                            "deletion_protection": "false",
                            "domain": "",
                            "domain_iam_role_name": "",
                            "enabled_cloudwatch_logs_exports.#": "0",
                            "endpoint": "razamysql.cp9aeyx5qqrx.us-west-1.rds.amazonaws.com:3306",
                            "engine": "mysql",
                            "engine_version": "5.7.23",
                            "hosted_zone_id": "Z10WI91S59XXQN",
                            "iam_database_authentication_enabled": "false",
                            "id": "razamysql",
                            "identifier": "razamysql",
                            "instance_class": "db.t2.micro",
                            "iops": "0",
                            "kms_key_id": "",
                            "license_model": "general-public-license",
                            "maintenance_window": "thu:11:02-thu:11:32",
                            "monitoring_interval": "0",
                            "multi_az": "false",
                            "name": "razaDB",
                            "option_group_name": "default:mysql-5-7",
                            "parameter_group_name": "default.mysql5.7",
                            "password": "razaPassword",
                            "port": "3306",
                            "publicly_accessible": "false",
                            "replicas.#": "0",
                            "replicate_source_db": "",
                            "resource_id": "db-RGYLRIDYSJDK6NGULCUNI6MGKE",
                            "security_group_names.#": "0",
                            "skip_final_snapshot": "true",
                            "status": "available",
                            "storage_encrypted": "false",
                            "storage_type": "gp2",
                            "tags.%": "2",
                            "tags.Developer": "raza",
                            "tags.Name": "raza_MySQL_DB",
                            "timezone": "",
                            "username": "razaUser",
                            "vpc_security_group_ids.#": "1",
                            "vpc_security_group_ids.1208782401": "sg-06e966bb3205212d9"
                        },
                        "meta": {
                            "e2bfb730-ecaa-11e6-8f88-34363bc7c4c0": {
                                "create": 2400000000000,
                                "delete": 2400000000000,
                                "update": 4800000000000
                            }
                        },
                        "tainted": false
                    },
                    "deposed": [],
                    "provider": "provider.aws"
                },
                "aws_db_subnet_group.raza_RDS_SubnetGroup": {
                    "type": "aws_db_subnet_group",
                    "depends_on": [],
                    "primary": {
                        "id": "razamysqlsubnetgroup",
                        "attributes": {
                            "arn": "arn:aws:rds:us-west-1:695292474035:subgrp:razamysqlsubnetgroup",
                            "description": "Managed by Terraform",
                            "id": "razamysqlsubnetgroup",
                            "name": "razamysqlsubnetgroup",
                            "subnet_ids.#": "2",
                            "subnet_ids.1029233331": "subnet-0ecac1416c7e58985",
                            "subnet_ids.3457169612": "subnet-00737125257026c33",
                            "tags.%": "2",
                            "tags.Developer": "raza",
                            "tags.Name": "raza_DB_SubnetGroup"
                        },
                        "meta": {},
                        "tainted": false
                    },
                    "deposed": [],
                    "provider": "provider.aws"
                },
                "aws_security_group.raza_RDS_SecurityGroup": {
                    "type": "aws_security_group",
                    "depends_on": [],
                    "primary": {
                        "id": "sg-06e966bb3205212d9",
                        "attributes": {
                            "arn": "arn:aws:ec2:us-west-1:695292474035:security-group/sg-06e966bb3205212d9",
                            "description": "Managed by Terraform",
                            "egress.#": "1",
                            "egress.482069346.cidr_blocks.#": "1",
                            "egress.482069346.cidr_blocks.0": "0.0.0.0/0",
                            "egress.482069346.description": "",
                            "egress.482069346.from_port": "0",
                            "egress.482069346.ipv6_cidr_blocks.#": "0",
                            "egress.482069346.prefix_list_ids.#": "0",
                            "egress.482069346.protocol": "-1",
                            "egress.482069346.security_groups.#": "0",
                            "egress.482069346.self": "false",
                            "egress.482069346.to_port": "0",
                            "id": "sg-06e966bb3205212d9",
                            "ingress.#": "1",
                            "ingress.1287008783.cidr_blocks.#": "0",
                            "ingress.1287008783.description": "",
                            "ingress.1287008783.from_port": "3306",
                            "ingress.1287008783.ipv6_cidr_blocks.#": "0",
                            "ingress.1287008783.prefix_list_ids.#": "0",
                            "ingress.1287008783.protocol": "tcp",
                            "ingress.1287008783.security_groups.#": "1",
                            "ingress.1287008783.security_groups.4294127511": "sg-076b0603cf7ecac87",
                            "ingress.1287008783.self": "false",
                            "ingress.1287008783.to_port": "3306",
                            "name": "raza_DB_Security_Group",
                            "owner_id": "695292474035",
                            "revoke_rules_on_delete": "false",
                            "tags.%": "2",
                            "tags.Developer": "raza",
                            "tags.Name": "raza_DB_SecurityGroup",
                            "vpc_id": "vpc-0becf0622cf1597ba"
                        },
                        "meta": {
                            "e2bfb730-ecaa-11e6-8f88-34363bc7c4c0": {
                                "create": 600000000000,
                                "delete": 600000000000
                            },
                            "schema_version": "1"
                        },
                        "tainted": false
                    },
                    "deposed": [],
                    "provider": "provider.aws"
                }
            },
            "depends_on": []
        },
        {
            "path": [
                "root",
                "networkModule"
            ],
            "outputs": {
                "ELB_SecurityGroup_Id": {
                    "sensitive": false,
                    "type": "string",
                    "value": "sg-0428020482021a955"
                },
                "Id": {
                    "sensitive": false,
                    "type": "string",
                    "value": "vpc-0becf0622cf1597ba"
                },
                "Private_SubnetId_01_Id": {
                    "sensitive": false,
                    "type": "string",
                    "value": "subnet-00737125257026c33"
                },
                "Private_SubnetId_02_Id": {
                    "sensitive": false,
                    "type": "string",
                    "value": "subnet-0ecac1416c7e58985"
                },
                "Public_SubnetId_01_Id": {
                    "sensitive": false,
                    "type": "string",
                    "value": "subnet-0149f127020462ad7"
                },
                "Public_SubnetId_02_Id": {
                    "sensitive": false,
                    "type": "string",
                    "value": "subnet-0486ce953d3a4013d"
                },
                "Web_SecurityGroup_Id": {
                    "sensitive": false,
                    "type": "string",
                    "value": "sg-076b0603cf7ecac87"
                }
            },
            "resources": {
                "aws_eip.raza_ElasticIP": {
                    "type": "aws_eip",
                    "depends_on": [],
                    "primary": {
                        "id": "eipalloc-003689e7c962c2b09",
                        "attributes": {
                            "association_id": "eipassoc-ec0ad036",
                            "domain": "vpc",
                            "id": "eipalloc-003689e7c962c2b09",
                            "instance": "",
                            "network_interface": "eni-0a4da1c2d3016de6b",
                            "private_ip": "192.167.1.225",
                            "public_ip": "13.52.176.105",
                            "public_ipv4_pool": "amazon",
                            "tags.%": "2",
                            "tags.Developer": "raza",
                            "tags.Name": "raza_EP",
                            "vpc": "true"
                        },
                        "meta": {
                            "e2bfb730-ecaa-11e6-8f88-34363bc7c4c0": {
                                "delete": 180000000000,
                                "read": 900000000000,
                                "update": 300000000000
                            }
                        },
                        "tainted": false
                    },
                    "deposed": [],
                    "provider": "provider.aws"
                },
                "aws_internet_gateway.raza_IG": {
                    "type": "aws_internet_gateway",
                    "depends_on": [
                        "aws_vpc.raza_VPC"
                    ],
                    "primary": {
                        "id": "igw-0ece9d34535d5d53d",
                        "attributes": {
                            "id": "igw-0ece9d34535d5d53d",
                            "owner_id": "695292474035",
                            "tags.%": "2",
                            "tags.Developer": "raza",
                            "tags.Name": "raza_IG",
                            "vpc_id": "vpc-0becf0622cf1597ba"
                        },
                        "meta": {},
                        "tainted": false
                    },
                    "deposed": [],
                    "provider": "provider.aws"
                },
                "aws_nat_gateway.raza_NAT_Gateway": {
                    "type": "aws_nat_gateway",
                    "depends_on": [
                        "aws_eip.raza_ElasticIP",
                        "aws_subnet.raza_Public_Subnet_01"
                    ],
                    "primary": {
                        "id": "nat-0866e42b2a2d303c9",
                        "attributes": {
                            "allocation_id": "eipalloc-003689e7c962c2b09",
                            "id": "nat-0866e42b2a2d303c9",
                            "network_interface_id": "eni-0a4da1c2d3016de6b",
                            "private_ip": "192.167.1.225",
                            "public_ip": "13.52.176.105",
                            "subnet_id": "subnet-0149f127020462ad7",
                            "tags.%": "2",
                            "tags.Developer": "raza",
                            "tags.Name": "raza_NAT_Gateway"
                        },
                        "meta": {},
                        "tainted": false
                    },
                    "deposed": [],
                    "provider": "provider.aws"
                },
                "aws_network_acl.raza_Private_ACL": {
                    "type": "aws_network_acl",
                    "depends_on": [
                        "aws_subnet.raza_Private_Subnet_01",
                        "aws_subnet.raza_Private_Subnet_02",
                        "aws_vpc.raza_VPC"
                    ],
                    "primary": {
                        "id": "acl-07b58f36e3845405a",
                        "attributes": {
                            "egress.#": "2",
                            "egress.2826085367.action": "allow",
                            "egress.2826085367.cidr_block": "192.167.1.0/24",
                            "egress.2826085367.from_port": "1024",
                            "egress.2826085367.icmp_code": "0",
                            "egress.2826085367.icmp_type": "0",
                            "egress.2826085367.ipv6_cidr_block": "",
                            "egress.2826085367.protocol": "6",
                            "egress.2826085367.rule_no": "100",
                            "egress.2826085367.to_port": "65535",
                            "egress.385055160.action": "allow",
                            "egress.385055160.cidr_block": "192.167.2.0/24",
                            "egress.385055160.from_port": "1024",
                            "egress.385055160.icmp_code": "0",
                            "egress.385055160.icmp_type": "0",
                            "egress.385055160.ipv6_cidr_block": "",
                            "egress.385055160.protocol": "6",
                            "egress.385055160.rule_no": "200",
                            "egress.385055160.to_port": "65535",
                            "id": "acl-07b58f36e3845405a",
                            "ingress.#": "2",
                            "ingress.1164670234.action": "allow",
                            "ingress.1164670234.cidr_block": "192.167.2.0/24",
                            "ingress.1164670234.from_port": "3306",
                            "ingress.1164670234.icmp_code": "0",
                            "ingress.1164670234.icmp_type": "0",
                            "ingress.1164670234.ipv6_cidr_block": "",
                            "ingress.1164670234.protocol": "6",
                            "ingress.1164670234.rule_no": "200",
                            "ingress.1164670234.to_port": "3306",
                            "ingress.4226461525.action": "allow",
                            "ingress.4226461525.cidr_block": "192.167.1.0/24",
                            "ingress.4226461525.from_port": "3306",
                            "ingress.4226461525.icmp_code": "0",
                            "ingress.4226461525.icmp_type": "0",
                            "ingress.4226461525.ipv6_cidr_block": "",
                            "ingress.4226461525.protocol": "6",
                            "ingress.4226461525.rule_no": "100",
                            "ingress.4226461525.to_port": "3306",
                            "owner_id": "695292474035",
                            "subnet_ids.#": "2",
                            "subnet_ids.1029233331": "subnet-0ecac1416c7e58985",
                            "subnet_ids.3457169612": "subnet-00737125257026c33",
                            "tags.%": "2",
                            "tags.Developer": "raza",
                            "tags.Name": "Private",
                            "vpc_id": "vpc-0becf0622cf1597ba"
                        },
                        "meta": {},
                        "tainted": false
                    },
                    "deposed": [],
                    "provider": "provider.aws"
                },
                "aws_network_acl.raza_Public_ACL": {
                    "type": "aws_network_acl",
                    "depends_on": [
                        "aws_subnet.raza_Public_Subnet_01",
                        "aws_subnet.raza_Public_Subnet_02",
                        "aws_vpc.raza_VPC"
                    ],
                    "primary": {
                        "id": "acl-0bf6d513196a00a23",
                        "attributes": {
                            "egress.#": "1",
                            "egress.1401401844.action": "allow",
                            "egress.1401401844.cidr_block": "0.0.0.0/0",
                            "egress.1401401844.from_port": "0",
                            "egress.1401401844.icmp_code": "0",
                            "egress.1401401844.icmp_type": "0",
                            "egress.1401401844.ipv6_cidr_block": "",
                            "egress.1401401844.protocol": "-1",
                            "egress.1401401844.rule_no": "100",
                            "egress.1401401844.to_port": "0",
                            "id": "acl-0bf6d513196a00a23",
                            "ingress.#": "1",
                            "ingress.1401401844.action": "allow",
                            "ingress.1401401844.cidr_block": "0.0.0.0/0",
                            "ingress.1401401844.from_port": "0",
                            "ingress.1401401844.icmp_code": "0",
                            "ingress.1401401844.icmp_type": "0",
                            "ingress.1401401844.ipv6_cidr_block": "",
                            "ingress.1401401844.protocol": "-1",
                            "ingress.1401401844.rule_no": "100",
                            "ingress.1401401844.to_port": "0",
                            "owner_id": "695292474035",
                            "subnet_ids.#": "2",
                            "subnet_ids.2184155138": "subnet-0149f127020462ad7",
                            "subnet_ids.2450779844": "subnet-0486ce953d3a4013d",
                            "tags.%": "2",
                            "tags.Developer": "raza",
                            "tags.Name": "raza_Public_ACL",
                            "vpc_id": "vpc-0becf0622cf1597ba"
                        },
                        "meta": {},
                        "tainted": false
                    },
                    "deposed": [],
                    "provider": "provider.aws"
                },
                "aws_network_acl_rule.raza_Private_ACL_Inbound_Rule_01": {
                    "type": "aws_network_acl_rule",
                    "depends_on": [
                        "aws_network_acl.raza_Private_ACL"
                    ],
                    "primary": {
                        "id": "nacl-4136540616",
                        "attributes": {
                            "cidr_block": "192.167.1.0/24",
                            "egress": "false",
                            "from_port": "3306",
                            "id": "nacl-4136540616",
                            "ipv6_cidr_block": "",
                            "network_acl_id": "acl-07b58f36e3845405a",
                            "protocol": "tcp",
                            "rule_action": "allow",
                            "rule_number": "100",
                            "to_port": "3306"
                        },
                        "meta": {},
                        "tainted": false
                    },
                    "deposed": [],
                    "provider": "provider.aws"
                },
                "aws_network_acl_rule.raza_Private_ACL_Inbound_Rule_02": {
                    "type": "aws_network_acl_rule",
                    "depends_on": [
                        "aws_network_acl.raza_Private_ACL"
                    ],
                    "primary": {
                        "id": "nacl-2165328696",
                        "attributes": {
                            "cidr_block": "192.167.2.0/24",
                            "egress": "false",
                            "from_port": "3306",
                            "id": "nacl-2165328696",
                            "ipv6_cidr_block": "",
                            "network_acl_id": "acl-07b58f36e3845405a",
                            "protocol": "tcp",
                            "rule_action": "allow",
                            "rule_number": "200",
                            "to_port": "3306"
                        },
                        "meta": {},
                        "tainted": false
                    },
                    "deposed": [],
                    "provider": "provider.aws"
                },
                "aws_network_acl_rule.raza_Private_ACL_Outound_Rule_01": {
                    "type": "aws_network_acl_rule",
                    "depends_on": [
                        "aws_network_acl.raza_Private_ACL"
                    ],
                    "primary": {
                        "id": "nacl-143539634",
                        "attributes": {
                            "cidr_block": "192.167.1.0/24",
                            "egress": "true",
                            "from_port": "1024",
                            "id": "nacl-143539634",
                            "ipv6_cidr_block": "",
                            "network_acl_id": "acl-07b58f36e3845405a",
                            "protocol": "tcp",
                            "rule_action": "allow",
                            "rule_number": "100",
                            "to_port": "65535"
                        },
                        "meta": {},
                        "tainted": false
                    },
                    "deposed": [],
                    "provider": "provider.aws"
                },
                "aws_network_acl_rule.raza_Private_ACL_Outound_Rule_02": {
                    "type": "aws_network_acl_rule",
                    "depends_on": [
                        "aws_network_acl.raza_Private_ACL"
                    ],
                    "primary": {
                        "id": "nacl-2439797683",
                        "attributes": {
                            "cidr_block": "192.167.2.0/24",
                            "egress": "true",
                            "from_port": "1024",
                            "id": "nacl-2439797683",
                            "ipv6_cidr_block": "",
                            "network_acl_id": "acl-07b58f36e3845405a",
                            "protocol": "tcp",
                            "rule_action": "allow",
                            "rule_number": "200",
                            "to_port": "65535"
                        },
                        "meta": {},
                        "tainted": false
                    },
                    "deposed": [],
                    "provider": "provider.aws"
                },
                "aws_route.raza_NAT_Gateway_Route": {
                    "type": "aws_route",
                    "depends_on": [
                        "aws_nat_gateway.raza_NAT_Gateway",
                        "aws_route_table.raza_Private_RouteTable"
                    ],
                    "primary": {
                        "id": "r-rtb-0b590d1a6f7dc04491080289494",
                        "attributes": {
                            "destination_cidr_block": "0.0.0.0/0",
                            "destination_prefix_list_id": "",
                            "egress_only_gateway_id": "",
                            "gateway_id": "",
                            "id": "r-rtb-0b590d1a6f7dc04491080289494",
                            "instance_id": "",
                            "instance_owner_id": "",
                            "nat_gateway_id": "nat-0866e42b2a2d303c9",
                            "network_interface_id": "",
                            "origin": "CreateRoute",
                            "route_table_id": "rtb-0b590d1a6f7dc0449",
                            "state": "active",
                            "transit_gateway_id": "",
                            "vpc_peering_connection_id": ""
                        },
                        "meta": {
                            "e2bfb730-ecaa-11e6-8f88-34363bc7c4c0": {
                                "create": 120000000000,
                                "delete": 300000000000
                            }
                        },
                        "tainted": false
                    },
                    "deposed": [],
                    "provider": "provider.aws"
                },
                "aws_route.raza_Public_Route": {
                    "type": "aws_route",
                    "depends_on": [
                        "aws_internet_gateway.raza_IG",
                        "aws_route_table.raza_Public_RouteTable"
                    ],
                    "primary": {
                        "id": "r-rtb-05f30a98096b732361080289494",
                        "attributes": {
                            "destination_cidr_block": "0.0.0.0/0",
                            "destination_prefix_list_id": "",
                            "egress_only_gateway_id": "",
                            "gateway_id": "igw-0ece9d34535d5d53d",
                            "id": "r-rtb-05f30a98096b732361080289494",
                            "instance_id": "",
                            "instance_owner_id": "",
                            "nat_gateway_id": "",
                            "network_interface_id": "",
                            "origin": "CreateRoute",
                            "route_table_id": "rtb-05f30a98096b73236",
                            "state": "active",
                            "transit_gateway_id": "",
                            "vpc_peering_connection_id": ""
                        },
                        "meta": {
                            "e2bfb730-ecaa-11e6-8f88-34363bc7c4c0": {
                                "create": 120000000000,
                                "delete": 300000000000
                            }
                        },
                        "tainted": false
                    },
                    "deposed": [],
                    "provider": "provider.aws"
                },
                "aws_route_table.raza_Private_RouteTable": {
                    "type": "aws_route_table",
                    "depends_on": [
                        "aws_vpc.raza_VPC"
                    ],
                    "primary": {
                        "id": "rtb-0b590d1a6f7dc0449",
                        "attributes": {
                            "id": "rtb-0b590d1a6f7dc0449",
                            "owner_id": "695292474035",
                            "propagating_vgws.#": "0",
                            "route.#": "1",
                            "route.2684399730.cidr_block": "0.0.0.0/0",
                            "route.2684399730.egress_only_gateway_id": "",
                            "route.2684399730.gateway_id": "",
                            "route.2684399730.instance_id": "",
                            "route.2684399730.ipv6_cidr_block": "",
                            "route.2684399730.nat_gateway_id": "nat-0866e42b2a2d303c9",
                            "route.2684399730.network_interface_id": "",
                            "route.2684399730.transit_gateway_id": "",
                            "route.2684399730.vpc_peering_connection_id": "",
                            "tags.%": "2",
                            "tags.Developer": "raza",
                            "tags.Name": "raza_Private_RouteTable",
                            "vpc_id": "vpc-0becf0622cf1597ba"
                        },
                        "meta": {},
                        "tainted": false
                    },
                    "deposed": [],
                    "provider": "provider.aws"
                },
                "aws_route_table.raza_Public_RouteTable": {
                    "type": "aws_route_table",
                    "depends_on": [
                        "aws_vpc.raza_VPC"
                    ],
                    "primary": {
                        "id": "rtb-05f30a98096b73236",
                        "attributes": {
                            "id": "rtb-05f30a98096b73236",
                            "owner_id": "695292474035",
                            "propagating_vgws.#": "0",
                            "route.#": "1",
                            "route.1635196139.cidr_block": "0.0.0.0/0",
                            "route.1635196139.egress_only_gateway_id": "",
                            "route.1635196139.gateway_id": "igw-0ece9d34535d5d53d",
                            "route.1635196139.instance_id": "",
                            "route.1635196139.ipv6_cidr_block": "",
                            "route.1635196139.nat_gateway_id": "",
                            "route.1635196139.network_interface_id": "",
                            "route.1635196139.transit_gateway_id": "",
                            "route.1635196139.vpc_peering_connection_id": "",
                            "tags.%": "2",
                            "tags.Developer": "raza",
                            "tags.Name": "raza_Public_RouteTable",
                            "vpc_id": "vpc-0becf0622cf1597ba"
                        },
                        "meta": {},
                        "tainted": false
                    },
                    "deposed": [],
                    "provider": "provider.aws"
                },
                "aws_route_table_association.raza_Private_Subnet_01_Route_Rable_Association": {
                    "type": "aws_route_table_association",
                    "depends_on": [
                        "aws_route_table.raza_Private_RouteTable",
                        "aws_subnet.raza_Private_Subnet_01"
                    ],
                    "primary": {
                        "id": "rtbassoc-089012a5f9047d1b3",
                        "attributes": {
                            "id": "rtbassoc-089012a5f9047d1b3",
                            "route_table_id": "rtb-0b590d1a6f7dc0449",
                            "subnet_id": "subnet-00737125257026c33"
                        },
                        "meta": {},
                        "tainted": false
                    },
                    "deposed": [],
                    "provider": "provider.aws"
                },
                "aws_route_table_association.raza_Private_Subnet_02_Route_Rable_Association": {
                    "type": "aws_route_table_association",
                    "depends_on": [
                        "aws_route_table.raza_Private_RouteTable",
                        "aws_subnet.raza_Private_Subnet_02"
                    ],
                    "primary": {
                        "id": "rtbassoc-0ff3b02cef01c42ef",
                        "attributes": {
                            "id": "rtbassoc-0ff3b02cef01c42ef",
                            "route_table_id": "rtb-0b590d1a6f7dc0449",
                            "subnet_id": "subnet-0ecac1416c7e58985"
                        },
                        "meta": {},
                        "tainted": false
                    },
                    "deposed": [],
                    "provider": "provider.aws"
                },
                "aws_route_table_association.raza_Public_Subnet_01_Route_Rable_Association": {
                    "type": "aws_route_table_association",
                    "depends_on": [
                        "aws_route_table.raza_Public_RouteTable",
                        "aws_subnet.raza_Public_Subnet_01"
                    ],
                    "primary": {
                        "id": "rtbassoc-019585a38dd7477c4",
                        "attributes": {
                            "id": "rtbassoc-019585a38dd7477c4",
                            "route_table_id": "rtb-05f30a98096b73236",
                            "subnet_id": "subnet-0149f127020462ad7"
                        },
                        "meta": {},
                        "tainted": false
                    },
                    "deposed": [],
                    "provider": "provider.aws"
                },
                "aws_route_table_association.raza_Public_Subnet_02_Route_Rable_Association": {
                    "type": "aws_route_table_association",
                    "depends_on": [
                        "aws_route_table.raza_Public_RouteTable",
                        "aws_subnet.raza_Public_Subnet_02"
                    ],
                    "primary": {
                        "id": "rtbassoc-03b6d13e7c3eb7b7f",
                        "attributes": {
                            "id": "rtbassoc-03b6d13e7c3eb7b7f",
                            "route_table_id": "rtb-05f30a98096b73236",
                            "subnet_id": "subnet-0486ce953d3a4013d"
                        },
                        "meta": {},
                        "tainted": false
                    },
                    "deposed": [],
                    "provider": "provider.aws"
                },
                "aws_security_group.raza_ELB_SecurityGroup": {
                    "type": "aws_security_group",
                    "depends_on": [
                        "aws_security_group.raza_Web_SecurityGroup",
                        "aws_vpc.raza_VPC"
                    ],
                    "primary": {
                        "id": "sg-0428020482021a955",
                        "attributes": {
                            "arn": "arn:aws:ec2:us-west-1:695292474035:security-group/sg-0428020482021a955",
                            "description": "Managed by Terraform",
                            "egress.#": "3",
                            "egress.1296273269.cidr_blocks.#": "0",
                            "egress.1296273269.description": "",
                            "egress.1296273269.from_port": "443",
                            "egress.1296273269.ipv6_cidr_blocks.#": "0",
                            "egress.1296273269.prefix_list_ids.#": "0",
                            "egress.1296273269.protocol": "tcp",
                            "egress.1296273269.security_groups.#": "1",
                            "egress.1296273269.security_groups.4294127511": "sg-076b0603cf7ecac87",
                            "egress.1296273269.self": "false",
                            "egress.1296273269.to_port": "443",
                            "egress.3223772794.cidr_blocks.#": "0",
                            "egress.3223772794.description": "",
                            "egress.3223772794.from_port": "3000",
                            "egress.3223772794.ipv6_cidr_blocks.#": "0",
                            "egress.3223772794.prefix_list_ids.#": "0",
                            "egress.3223772794.protocol": "tcp",
                            "egress.3223772794.security_groups.#": "1",
                            "egress.3223772794.security_groups.4294127511": "sg-076b0603cf7ecac87",
                            "egress.3223772794.self": "false",
                            "egress.3223772794.to_port": "3000",
                            "egress.3298981511.cidr_blocks.#": "0",
                            "egress.3298981511.description": "",
                            "egress.3298981511.from_port": "80",
                            "egress.3298981511.ipv6_cidr_blocks.#": "0",
                            "egress.3298981511.prefix_list_ids.#": "0",
                            "egress.3298981511.protocol": "tcp",
                            "egress.3298981511.security_groups.#": "1",
                            "egress.3298981511.security_groups.4294127511": "sg-076b0603cf7ecac87",
                            "egress.3298981511.self": "false",
                            "egress.3298981511.to_port": "80",
                            "id": "sg-0428020482021a955",
                            "ingress.#": "1",
                            "ingress.482069346.cidr_blocks.#": "1",
                            "ingress.482069346.cidr_blocks.0": "0.0.0.0/0",
                            "ingress.482069346.description": "",
                            "ingress.482069346.from_port": "0",
                            "ingress.482069346.ipv6_cidr_blocks.#": "0",
                            "ingress.482069346.prefix_list_ids.#": "0",
                            "ingress.482069346.protocol": "-1",
                            "ingress.482069346.security_groups.#": "0",
                            "ingress.482069346.self": "false",
                            "ingress.482069346.to_port": "0",
                            "name": "raza_ELB_SG",
                            "owner_id": "695292474035",
                            "revoke_rules_on_delete": "false",
                            "tags.%": "2",
                            "tags.Developer": "raza",
                            "tags.Name": "raza_ELB_SecurityGroup",
                            "vpc_id": "vpc-0becf0622cf1597ba"
                        },
                        "meta": {
                            "e2bfb730-ecaa-11e6-8f88-34363bc7c4c0": {
                                "create": 600000000000,
                                "delete": 600000000000
                            },
                            "schema_version": "1"
                        },
                        "tainted": false
                    },
                    "deposed": [],
                    "provider": "provider.aws"
                },
                "aws_security_group.raza_Web_SecurityGroup": {
                    "type": "aws_security_group",
                    "depends_on": [
                        "aws_vpc.raza_VPC"
                    ],
                    "primary": {
                        "id": "sg-076b0603cf7ecac87",
                        "attributes": {
                            "arn": "arn:aws:ec2:us-west-1:695292474035:security-group/sg-076b0603cf7ecac87",
                            "description": "Managed by Terraform",
                            "egress.#": "1",
                            "egress.482069346.cidr_blocks.#": "1",
                            "egress.482069346.cidr_blocks.0": "0.0.0.0/0",
                            "egress.482069346.description": "",
                            "egress.482069346.from_port": "0",
                            "egress.482069346.ipv6_cidr_blocks.#": "0",
                            "egress.482069346.prefix_list_ids.#": "0",
                            "egress.482069346.protocol": "-1",
                            "egress.482069346.security_groups.#": "0",
                            "egress.482069346.self": "false",
                            "egress.482069346.to_port": "0",
                            "id": "sg-076b0603cf7ecac87",
                            "ingress.#": "6",
                            "ingress.1994621032.cidr_blocks.#": "1",
                            "ingress.1994621032.cidr_blocks.0": "0.0.0.0/0",
                            "ingress.1994621032.description": "",
                            "ingress.1994621032.from_port": "3000",
                            "ingress.1994621032.ipv6_cidr_blocks.#": "0",
                            "ingress.1994621032.prefix_list_ids.#": "0",
                            "ingress.1994621032.protocol": "tcp",
                            "ingress.1994621032.security_groups.#": "0",
                            "ingress.1994621032.self": "false",
                            "ingress.1994621032.to_port": "3000",
                            "ingress.2214680975.cidr_blocks.#": "1",
                            "ingress.2214680975.cidr_blocks.0": "0.0.0.0/0",
                            "ingress.2214680975.description": "",
                            "ingress.2214680975.from_port": "80",
                            "ingress.2214680975.ipv6_cidr_blocks.#": "0",
                            "ingress.2214680975.prefix_list_ids.#": "0",
                            "ingress.2214680975.protocol": "tcp",
                            "ingress.2214680975.security_groups.#": "0",
                            "ingress.2214680975.self": "false",
                            "ingress.2214680975.to_port": "80",
                            "ingress.2541437006.cidr_blocks.#": "1",
                            "ingress.2541437006.cidr_blocks.0": "0.0.0.0/0",
                            "ingress.2541437006.description": "",
                            "ingress.2541437006.from_port": "22",
                            "ingress.2541437006.ipv6_cidr_blocks.#": "0",
                            "ingress.2541437006.prefix_list_ids.#": "0",
                            "ingress.2541437006.protocol": "tcp",
                            "ingress.2541437006.security_groups.#": "0",
                            "ingress.2541437006.self": "false",
                            "ingress.2541437006.to_port": "22",
                            "ingress.2617001939.cidr_blocks.#": "1",
                            "ingress.2617001939.cidr_blocks.0": "0.0.0.0/0",
                            "ingress.2617001939.description": "",
                            "ingress.2617001939.from_port": "443",
                            "ingress.2617001939.ipv6_cidr_blocks.#": "0",
                            "ingress.2617001939.prefix_list_ids.#": "0",
                            "ingress.2617001939.protocol": "tcp",
                            "ingress.2617001939.security_groups.#": "0",
                            "ingress.2617001939.self": "false",
                            "ingress.2617001939.to_port": "443",
                            "ingress.4051041281.cidr_blocks.#": "0",
                            "ingress.4051041281.description": "",
                            "ingress.4051041281.from_port": "80",
                            "ingress.4051041281.ipv6_cidr_blocks.#": "1",
                            "ingress.4051041281.ipv6_cidr_blocks.0": "::/0",
                            "ingress.4051041281.prefix_list_ids.#": "0",
                            "ingress.4051041281.protocol": "tcp",
                            "ingress.4051041281.security_groups.#": "0",
                            "ingress.4051041281.self": "false",
                            "ingress.4051041281.to_port": "80",
                            "ingress.919265103.cidr_blocks.#": "0",
                            "ingress.919265103.description": "",
                            "ingress.919265103.from_port": "443",
                            "ingress.919265103.ipv6_cidr_blocks.#": "1",
                            "ingress.919265103.ipv6_cidr_blocks.0": "::/0",
                            "ingress.919265103.prefix_list_ids.#": "0",
                            "ingress.919265103.protocol": "tcp",
                            "ingress.919265103.security_groups.#": "0",
                            "ingress.919265103.self": "false",
                            "ingress.919265103.to_port": "443",
                            "name": "raza_Web_SG",
                            "owner_id": "695292474035",
                            "revoke_rules_on_delete": "false",
                            "tags.%": "2",
                            "tags.Developer": "raza",
                            "tags.Name": "raza_Web_SecurityGroup",
                            "vpc_id": "vpc-0becf0622cf1597ba"
                        },
                        "meta": {
                            "e2bfb730-ecaa-11e6-8f88-34363bc7c4c0": {
                                "create": 600000000000,
                                "delete": 600000000000
                            },
                            "schema_version": "1"
                        },
                        "tainted": false
                    },
                    "deposed": [],
                    "provider": "provider.aws"
                },
                "aws_subnet.raza_Private_Subnet_01": {
                    "type": "aws_subnet",
                    "depends_on": [
                        "aws_vpc.raza_VPC",
                        "data.aws_availability_zones.available"
                    ],
                    "primary": {
                        "id": "subnet-00737125257026c33",
                        "attributes": {
                            "arn": "arn:aws:ec2:us-west-1:695292474035:subnet/subnet-00737125257026c33",
                            "assign_ipv6_address_on_creation": "false",
                            "availability_zone": "us-west-1a",
                            "availability_zone_id": "usw1-az3",
                            "cidr_block": "192.167.3.0/24",
                            "id": "subnet-00737125257026c33",
                            "ipv6_cidr_block": "",
                            "ipv6_cidr_block_association_id": "",
                            "map_public_ip_on_launch": "false",
                            "owner_id": "695292474035",
                            "tags.%": "2",
                            "tags.Developer": "raza",
                            "tags.Name": "raza_Private_Subnet_01",
                            "vpc_id": "vpc-0becf0622cf1597ba"
                        },
                        "meta": {
                            "e2bfb730-ecaa-11e6-8f88-34363bc7c4c0": {
                                "create": 600000000000,
                                "delete": 600000000000
                            },
                            "schema_version": "1"
                        },
                        "tainted": false
                    },
                    "deposed": [],
                    "provider": "provider.aws"
                },
                "aws_subnet.raza_Private_Subnet_02": {
                    "type": "aws_subnet",
                    "depends_on": [
                        "aws_vpc.raza_VPC",
                        "data.aws_availability_zones.available"
                    ],
                    "primary": {
                        "id": "subnet-0ecac1416c7e58985",
                        "attributes": {
                            "arn": "arn:aws:ec2:us-west-1:695292474035:subnet/subnet-0ecac1416c7e58985",
                            "assign_ipv6_address_on_creation": "false",
                            "availability_zone": "us-west-1b",
                            "availability_zone_id": "usw1-az1",
                            "cidr_block": "192.167.4.0/24",
                            "id": "subnet-0ecac1416c7e58985",
                            "ipv6_cidr_block": "",
                            "ipv6_cidr_block_association_id": "",
                            "map_public_ip_on_launch": "false",
                            "owner_id": "695292474035",
                            "tags.%": "2",
                            "tags.Developer": "raza",
                            "tags.Name": "raza_Private_Subnet_02",
                            "vpc_id": "vpc-0becf0622cf1597ba"
                        },
                        "meta": {
                            "e2bfb730-ecaa-11e6-8f88-34363bc7c4c0": {
                                "create": 600000000000,
                                "delete": 600000000000
                            },
                            "schema_version": "1"
                        },
                        "tainted": false
                    },
                    "deposed": [],
                    "provider": "provider.aws"
                },
                "aws_subnet.raza_Public_Subnet_01": {
                    "type": "aws_subnet",
                    "depends_on": [
                        "aws_vpc.raza_VPC",
                        "data.aws_availability_zones.available"
                    ],
                    "primary": {
                        "id": "subnet-0149f127020462ad7",
                        "attributes": {
                            "arn": "arn:aws:ec2:us-west-1:695292474035:subnet/subnet-0149f127020462ad7",
                            "assign_ipv6_address_on_creation": "false",
                            "availability_zone": "us-west-1a",
                            "availability_zone_id": "usw1-az3",
                            "cidr_block": "192.167.1.0/24",
                            "id": "subnet-0149f127020462ad7",
                            "ipv6_cidr_block": "",
                            "ipv6_cidr_block_association_id": "",
                            "map_public_ip_on_launch": "true",
                            "owner_id": "695292474035",
                            "tags.%": "2",
                            "tags.Developer": "raza",
                            "tags.Name": "raza_Public_Subnet_01",
                            "vpc_id": "vpc-0becf0622cf1597ba"
                        },
                        "meta": {
                            "e2bfb730-ecaa-11e6-8f88-34363bc7c4c0": {
                                "create": 600000000000,
                                "delete": 600000000000
                            },
                            "schema_version": "1"
                        },
                        "tainted": false
                    },
                    "deposed": [],
                    "provider": "provider.aws"
                },
                "aws_subnet.raza_Public_Subnet_02": {
                    "type": "aws_subnet",
                    "depends_on": [
                        "aws_vpc.raza_VPC",
                        "data.aws_availability_zones.available"
                    ],
                    "primary": {
                        "id": "subnet-0486ce953d3a4013d",
                        "attributes": {
                            "arn": "arn:aws:ec2:us-west-1:695292474035:subnet/subnet-0486ce953d3a4013d",
                            "assign_ipv6_address_on_creation": "false",
                            "availability_zone": "us-west-1b",
                            "availability_zone_id": "usw1-az1",
                            "cidr_block": "192.167.2.0/24",
                            "id": "subnet-0486ce953d3a4013d",
                            "ipv6_cidr_block": "",
                            "ipv6_cidr_block_association_id": "",
                            "map_public_ip_on_launch": "true",
                            "owner_id": "695292474035",
                            "tags.%": "2",
                            "tags.Developer": "raza",
                            "tags.Name": "raza_Public_Subnet_02",
                            "vpc_id": "vpc-0becf0622cf1597ba"
                        },
                        "meta": {
                            "e2bfb730-ecaa-11e6-8f88-34363bc7c4c0": {
                                "create": 600000000000,
                                "delete": 600000000000
                            },
                            "schema_version": "1"
                        },
                        "tainted": false
                    },
                    "deposed": [],
                    "provider": "provider.aws"
                },
                "aws_vpc.raza_VPC": {
                    "type": "aws_vpc",
                    "depends_on": [],
                    "primary": {
                        "id": "vpc-0becf0622cf1597ba",
                        "attributes": {
                            "arn": "arn:aws:ec2:us-west-1:695292474035:vpc/vpc-0becf0622cf1597ba",
                            "assign_generated_ipv6_cidr_block": "false",
                            "cidr_block": "192.167.0.0/16",
                            "default_network_acl_id": "acl-0886f17d7f18708e7",
                            "default_route_table_id": "rtb-0ae4c4807218e4123",
                            "default_security_group_id": "sg-05eee15ae347a4f26",
                            "dhcp_options_id": "dopt-41792526",
                            "enable_classiclink": "false",
                            "enable_classiclink_dns_support": "false",
                            "enable_dns_hostnames": "false",
                            "enable_dns_support": "true",
                            "id": "vpc-0becf0622cf1597ba",
                            "instance_tenancy": "default",
                            "ipv6_association_id": "",
                            "ipv6_cidr_block": "",
                            "main_route_table_id": "rtb-0ae4c4807218e4123",
                            "owner_id": "695292474035",
                            "tags.%": "2",
                            "tags.Developer": "raza",
                            "tags.Name": "raza_VPC"
                        },
                        "meta": {
                            "schema_version": "1"
                        },
                        "tainted": false
                    },
                    "deposed": [],
                    "provider": "provider.aws"
                },
                "data.aws_availability_zones.available": {
                    "type": "aws_availability_zones",
                    "depends_on": [],
                    "primary": {
                        "id": "2019-03-08 00:47:48.873337957 +0000 UTC",
                        "attributes": {
                            "id": "2019-03-08 00:47:48.873337957 +0000 UTC",
                            "names.#": "2",
                            "names.0": "us-west-1a",
                            "names.1": "us-west-1b",
                            "zone_ids.#": "2",
                            "zone_ids.0": "usw1-az3",
                            "zone_ids.1": "usw1-az1"
                        },
                        "meta": {},
                        "tainted": false
                    },
                    "deposed": [],
                    "provider": "provider.aws"
                }
            },
            "depends_on": []
        }
    ]
}
